<?xml version="1.0" encoding="utf-8"?>
<Project ToolsVersion="4.0" xmlns="http://schemas.microsoft.com/developer/msbuild/2003">
  <ItemGroup>
    <ClCompile Include="main.cpp" />
    <ClCompile Include="och_simplex_noise.cpp" />
    <ClCompile Include="..\..\och_lib\och_lib\och_tok.cpp">
      <Filter>och_lib</Filter>
    </ClCompile>
    <ClCompile Include="..\..\och_lib\och_lib\och_utf8.cpp">
      <Filter>och_lib</Filter>
    </ClCompile>
    <ClCompile Include="..\..\och_lib\och_lib\och_utf16.cpp">
      <Filter>och_lib</Filter>
    </ClCompile>
    <ClCompile Include="..\..\och_lib\och_lib\och_fio.cpp">
      <Filter>och_lib</Filter>
    </ClCompile>
    <ClCompile Include="..\..\och_lib\och_lib\och_fmt.cpp">
      <Filter>och_lib</Filter>
    </ClCompile>
    <ClCompile Include="..\..\och_lib\och_lib\och_net.cpp">
      <Filter>och_lib</Filter>
    </ClCompile>
    <ClCompile Include="..\..\och_lib\och_lib\och_rtv.cpp">
      <Filter>och_lib</Filter>
    </ClCompile>
    <ClCompile Include="..\..\och_lib\och_lib\och_time.cpp">
      <Filter>och_lib</Filter>
    </ClCompile>
    <ClCompile Include="..\..\och_lib\och_lib\och_wnd.cpp">
      <Filter>och_lib</Filter>
    </ClCompile>
  </ItemGroup>
  <ItemGroup>
    <ClInclude Include="voxels.h" />
    <ClInclude Include="och_cudahelpers.cuh">
      <Filter>HELPERS</Filter>
    </ClInclude>
    <ClInclude Include="och_simplex_noise.h" />
    <ClInclude Include="olcPixelGameEngine.h" />
    <ClInclude Include="..\..\och_lib\och_lib\och_basic_types.h">
      <Filter>och_lib</Filter>
    </ClInclude>
    <ClInclude Include="..\..\och_lib\och_lib\och_constexpr_util.h">
      <Filter>och_lib</Filter>
    </ClInclude>
    <ClInclude Include="..\..\och_lib\och_lib\och_debug.h">
      <Filter>och_lib</Filter>
    </ClInclude>
    <ClInclude Include="..\..\och_lib\och_lib\och_fio.h">
      <Filter>och_lib</Filter>
    </ClInclude>
    <ClInclude Include="..\..\och_lib\och_lib\och_fmt.h">
      <Filter>och_lib</Filter>
    </ClInclude>
    <ClInclude Include="..\..\och_lib\och_lib\och_lib.h">
      <Filter>och_lib</Filter>
    </ClInclude>
    <ClInclude Include="..\..\och_lib\och_lib\och_net.h">
      <Filter>och_lib</Filter>
    </ClInclude>
    <ClInclude Include="..\..\och_lib\och_lib\och_ocd.h">
      <Filter>och_lib</Filter>
    </ClInclude>
    <ClInclude Include="..\..\och_lib\och_lib\och_range.h">
      <Filter>och_lib</Filter>
    </ClInclude>
    <ClInclude Include="..\..\och_lib\och_lib\och_rtv.h">
      <Filter>och_lib</Filter>
    </ClInclude>
    <ClInclude Include="..\..\och_lib\och_lib\och_time.h">
      <Filter>och_lib</Filter>
    </ClInclude>
    <ClInclude Include="..\..\och_lib\och_lib\och_timer.h">
      <Filter>och_lib</Filter>
    </ClInclude>
    <ClInclude Include="..\..\och_lib\och_lib\och_tok.h">
      <Filter>och_lib</Filter>
    </ClInclude>
    <ClInclude Include="..\..\och_lib\och_lib\och_utf8.h">
      <Filter>och_lib</Filter>
    </ClInclude>
    <ClInclude Include="..\..\och_lib\och_lib\och_utf8buf.h">
      <Filter>och_lib</Filter>
    </ClInclude>
    <ClInclude Include="..\..\och_lib\och_lib\och_utf16.h">
      <Filter>och_lib</Filter>
    </ClInclude>
    <ClInclude Include="och_simplex_noise_gpu.cuh">
      <Filter>cuda_base_functions</Filter>
    </ClInclude>
    <ClInclude Include="och_bytes_to_bits_gpu.cuh">
      <Filter>cuda_base_functions</Filter>
    </ClInclude>
    <ClInclude Include="curender.h" />
    <ClInclude Include="d3dx12.h" />
    <ClInclude Include="..\..\och_lib\och_lib\och_virtual_keys.h">
      <Filter>och_lib</Filter>
    </ClInclude>
    <ClInclude Include="..\..\och_lib\och_lib\och_wnd.h">
      <Filter>och_lib</Filter>
    </ClInclude>
    <ClInclude Include="och_setints_gpu.cuh">
      <Filter>cuda_base_functions</Filter>
    </ClInclude>
  </ItemGroup>
  <ItemGroup>
    <CudaCompile Include="voxels.cu" />
    <CudaCompile Include="och_simplex_noise_gpu.cu">
      <Filter>cuda_base_functions</Filter>
    </CudaCompile>
    <CudaCompile Include="och_bytes_to_bits_gpu.cu">
      <Filter>cuda_base_functions</Filter>
    </CudaCompile>
    <CudaCompile Include="och_setints_gpu.cu">
      <Filter>cuda_base_functions</Filter>
    </CudaCompile>
  </ItemGroup>
  <ItemGroup>
    <Filter Include="HELPERS">
      <UniqueIdentifier>{626f0251-bf06-4d0f-b433-5f164a96205a}</UniqueIdentifier>
    </Filter>
    <Filter Include="och_lib">
      <UniqueIdentifier>{344d8f40-422f-49e5-b70e-8d088f634acd}</UniqueIdentifier>
    </Filter>
    <Filter Include="cuda_base_functions">
      <UniqueIdentifier>{d01601c6-1386-430d-8a61-3f44250f6073}</UniqueIdentifier>
    </Filter>
  </ItemGroup>
</Project>